
Microsoft Visual Studio Solution File, Format Version 12.00
# Visual Studio Version 17
VisualStudioVersion = 17.3.32929.385
MinimumVisualStudioVersion = 10.0.40219.1
Project("{8BC9CEB8-8B4A-11D0-8D11-00A0C91BC942}") = "Class Inheritance", "Class Inheritance.vcxproj", "{837927D3-F19A-4177-BCE7-5BED81489BDE}"
EndProject
Global
	GlobalSection(SolutionConfigurationPlatforms) = preSolution
		Debug|x64 = Debug|x64
		Debug|x86 = Debug|x86
		Release|x64 = Release|x64
		Release|x86 = Release|x86
	EndGlobalSection
	GlobalSection(ProjectConfigurationPlatforms) = postSolution
		{837927D3-F19A-4177-BCE7-5BED81489BDE}.Debug|x64.ActiveCfg = Debug|x64
		{837927D3-F19A-4177-BCE7-5BED81489BDE}.Debug|x64.Build.0 = Debug|x64
		{837927D3-F19A-4177-BCE7-5BED81489BDE}.Debug|x86.ActiveCfg = Debug|Win32
		{837927D3-F19A-4177-BCE7-5BED81489BDE}.Debug|x86.Build.0 = Debug|Win32
		{837927D3-F19A-4177-BCE7-5BED81489BDE}.Release|x64.ActiveCfg = Release|x64
		{837927D3-F19A-4177-BCE7-5BED81489BDE}.Release|x64.Build.0 = Release|x64
		{837927D3-F19A-4177-BCE7-5BED81489BDE}.Release|x86.ActiveCfg = Release|Win32
		{837927D3-F19A-4177-BCE7-5BED81489BDE}.Release|x86.Build.0 = Release|Win32
	EndGlobalSection
	GlobalSection(SolutionProperties) = preSolution
		HideSolutionNode = FALSE
	EndGlobalSection
	GlobalSection(ExtensibilityGlobals) = postSolution
		SolutionGuid = {238243C8-2997-4B18-AFAF-1B5667A3DB11}
	EndGlobalSection
EndGlobal
